// !$*UTF8*$!
{
	archiveVersion = 1;
	classes = {
	};
	objectVersion = 50;
	objects = {

/* Begin PBXBuildFile section */
		FBBBFE2B20A9A68900CBCB8E /* AppDelegate.swift in Sources */ = {isa = PBXBuildFile; fileRef = FBBBFE2A20A9A68900CBCB8E /* AppDelegate.swift */; };
		FBBBFE2D20A9A68900CBCB8E /* ViewController.swift in Sources */ = {isa = PBXBuildFile; fileRef = FBBBFE2C20A9A68900CBCB8E /* ViewController.swift */; };
		FBBBFE3020A9A68900CBCB8E /* Main.storyboard in Resources */ = {isa = PBXBuildFile; fileRef = FBBBFE2E20A9A68900CBCB8E /* Main.storyboard */; };
		FBBBFE3220A9A68A00CBCB8E /* Assets.xcassets in Resources */ = {isa = PBXBuildFile; fileRef = FBBBFE3120A9A68A00CBCB8E /* Assets.xcassets */; };
		FBBBFE3520A9A68A00CBCB8E /* LaunchScreen.storyboard in Resources */ = {isa = PBXBuildFile; fileRef = FBBBFE3320A9A68A00CBCB8E /* LaunchScreen.storyboard */; };
/* End PBXBuildFile section */

/* Begin PBXFileReference section */
		FBBBFE2720A9A68900CBCB8E /* AdaptiveUIDemo.app */ = {isa = PBXFileReference; explicitFileType = wrapper.application; includeInIndex = 0; path = AdaptiveUIDemo.app; sourceTree = BUILT_PRODUCTS_DIR; };
		FBBBFE2A20A9A68900CBCB8E /* AppDelegate.swift */ = {isa = PBXFileReference; lastKnownFileType = sourcecode.swift; path = AppDelegate.swift; sourceTree = "<group>"; };
		FBBBFE2C20A9A68900CBCB8E /* ViewController.swift */ = {isa = PBXFileReference; lastKnownFileType = sourcecode.swift; path = ViewController.swift; sourceTree = "<group>"; };
		FBBBFE2F20A9A68900CBCB8E /* Base */ = {isa = PBXFileReference; lastKnownFileType = file.storyboard; name = Base; path = Base.lproj/Main.storyboard; sourceTree = "<group>"; };
		FBBBFE3120A9A68A00CBCB8E /* Assets.xcassets */ = {isa = PBXFileReference; lastKnownFileType = folder.assetcatalog; path = Assets.xcassets; sourceTree = "<group>"; };
		FBBBFE3420A9A68A00CBCB8E /* Base */ = {isa = PBXFileReference; lastKnownFileType = file.storyboard; name = Base; path = Base.lproj/LaunchScreen.storyboard; sourceTree = "<group>"; };
		FBBBFE3620A9A68A00CBCB8E /* Info.plist */ = {isa = PBXFileReference; lastKnownFileType = text.plist.xml; path = Info.plist; sourceTree = "<group>"; };
/* End PBXFileReference section */

/* Begin PBXFrameworksBuildPhase section */
		FBBBFE2420A9A68800CBCB8E /* Frameworks */ = {
			isa = PBXFrameworksBuildPhase;
			buildActionMask = 2147483647;
			files = (
			);
			runOnlyForDeploymentPostprocessing = 0;
		};
/* End PBXFrameworksBuildPhase section */

/* Begin PBXGroup section */
		FBBBFE1E20A9A68800CBCB8E = {
			isa = PBXGroup;
			children = (
				FBBBFE2920A9A68900CBCB8E /* AdaptiveUIDemo */,
				FBBBFE2820A9A68900CBCB8E /* Products */,
			);
			sourceTree = "<group>";
		};
		FBBBFE2820A9A68900CBCB8E /* Products */ = {
			isa = PBXGroup;
			children = (
				FBBBFE2720A9A68900CBCB8E /* AdaptiveUIDemo.app */,
			);
			name = Products;
			sourceTree = "<group>";
		};
		FBBBFE2920A9A68900CBCB8E /* AdaptiveUIDemo */ = {
			isa = PBXGroup;
			children = (
				FBBBFE2A20A9A68900CBCB8E /* AppDelegate.swift */,
				FBBBFE2C20A9A68900CBCB8E /* ViewController.swift */,
				FBBBFE2E20A9A68900CBCB8E /* Main.storyboard */,
				FBBBFE3120A9A68A00CBCB8E /* Assets.xcassets */,
				FBBBFE3320A9A68A00CBCB8E /* LaunchScreen.storyboard */,
				FBBBFE3620A9A68A00CBCB8E /* Info.plist */,
			);
			path = AdaptiveUIDemo;
			sourceTree = "<group>";
		};
/* End PBXGroup section */

/* Begin PBXNativeTarget section */
		FBBBFE2620A9A68800CBCB8E /* AdaptiveUIDemo */ = {
			isa = PBXNativeTarget;
			buildConfigurationList = FBBBFE3920A9A68A00CBCB8E /* Build configuration list for PBXNativeTarget "AdaptiveUIDemo" */;
			buildPhases = (
				FBBBFE2320A9A68800CBCB8E /* Sources */,
				FBBBFE2420A9A68800CBCB8E /* Frameworks */,
				FBBBFE2520A9A68800CBCB8E /* Resources */,
			);
			buildRules = (
			);
			dependencies = (
			);
			name = AdaptiveUIDemo;
			productName = AdaptiveUIDemo;
			productReference = FBBBFE2720A9A68900CBCB8E /* AdaptiveUIDemo.app */;
			productType = "com.apple.product-type.application";
		};
/* End PBXNativeTarget section */

/* Begin PBXProject section */
		FBBBFE1F20A9A68800CBCB8E /* Project object */ = {
			isa = PBXProject;
			attributes = {
				LastSwiftUpdateCheck = 0930;
				LastUpgradeCheck = 0930;
				ORGANIZATIONNAME = "M78的星际人士";
				TargetAttributes = {
					FBBBFE2620A9A68800CBCB8E = {
						CreatedOnToolsVersion = 9.3.1;
					};
				};
			};
			buildConfigurationList = FBBBFE2220A9A68800CBCB8E /* Build configuration list for PBXProject "AdaptiveUIDemo" */;
			compatibilityVersion = "Xcode 9.3";
			developmentRegion = en;
			hasScannedForEncodings = 0;
			knownRegions = (
				en,
				Base,
			);
			mainGroup = FBBBFE1E20A9A68800CBCB8E;
			productRefGroup = FBBBFE2820A9A68900CBCB8E /* Products */;
			projectDirPath = "";
			projectRoot = "";
			targets = (
				FBBBFE2620A9A68800CBCB8E /* AdaptiveUIDemo */,
			);
		};
/* End PBXProject section */

/* Begin PBXResourcesBuildPhase section */
		FBBBFE2520A9A68800CBCB8E /* Resources */ = {
			isa = PBXResourcesBuildPhase;
			buildActionMask = 2147483647;
			files = (
				FBBBFE3520A9A68A00CBCB8E /* LaunchScreen.storyboard in Resources */,
				FBBBFE3220A9A68A00CBCB8E /* Assets.xcassets in Resources */,
				FBBBFE3020A9A68900CBCB8E /* Main.storyboard in Resources */,
			);
			runOnlyForDeploymentPostprocessing = 0;
		};
/* End PBXResourcesBuildPhase section */

/* Begin PBXSourcesBuildPhase section */
		FBBBFE2320A9A68800CBCB8E /* Sources */ = {
			isa = PBXSourcesBuildPhase;
			buildActionMask = 2147483647;
			files = (
				FBBBFE2D20A9A68900CBCB8E /* ViewController.swift in Sources */,
				FBBBFE2B20A9A68900CBCB8E /* AppDelegate.swift in Sources */,
			);
			runOnlyForDeploymentPostprocessing = 0;
		};
/* End PBXSourcesBuildPhase section */

/* Begin PBXVariantGroup section */
		FBBBFE2E20A9A68900CBCB8E /* Main.storyboard */ = {
			isa = PBXVariantGroup;
			children = (
				FBBBFE2F20A9A68900CBCB8E /* Base */,
			);
			name = Main.storyboard;
			sourceTree = "<group>";
		};
		FBBBFE3320A9A68A00CBCB8E /* LaunchScreen.storyboard */ = {
			isa = PBXVariantGroup;
			children = (
				FBBBFE3420A9A68A00CBCB8E /* Base */,
			);
			name = LaunchScreen.storyboard;
			sourceTree = "<group>";
		};
/* End PBXVariantGroup section */

/* Begin XCBuildConfiguration section */
		FBBBFE3720A9A68A00CBCB8E /* Debug */ = {
			isa = XCBuildConfiguration;
			buildSettings = {
				ALWAYS_SEARCH_USER_PATHS = NO;
				CLANG_ANALYZER_NONNULL = YES;
				CLANG_ANALYZER_NUMBER_OBJECT_CONVERSION = YES_AGGRESSIVE;
				CLANG_CXX_LANGUAGE_STANDARD = "gnu++14";
				CLANG_CXX_LIBRARY = "libc++";
				CLANG_ENABLE_MODULES = YES;
				CLANG_ENABLE_OBJC_ARC = YES;
				CLANG_ENABLE_OBJC_WEAK = YES;
				CLANG_WARN_BLOCK_CAPTURE_AUTORELEASING = YES;
				CLANG_WARN_BOOL_CONVERSION = YES;
				CLANG_WARN_COMMA = YES;
				CLANG_WARN_CONSTANT_CONVERSION = YES;
				CLANG_WARN_DEPRECATED_OBJC_IMPLEMENTATIONS = YES;
				CLANG_WARN_DIRECT_OBJC_ISA_USAGE = YES_ERROR;
				CLANG_WARN_DOCUMENTATION_COMMENTS = YES;
				CLANG_WARN_EMPTY_BODY = YES;
				CLANG_WARN_ENUM_CONVERSION = YES;
				CLANG_WARN_INFINITE_RECURSION = YES;
				CLANG_WARN_INT_CONVERSION = YES;
				CLANG_WARN_NON_LITERAL_NULL_CONVERSION = YES;
				CLANG_WARN_OBJC_IMPLICIT_RETAIN_SELF = YES;
				CLANG_WARN_OBJC_LITERAL_CONVERSION = YES;
				CLANG_WARN_OBJC_ROOT_CLASS = YES_ERROR;
				CLANG_WARN_RANGE_LOOP_ANALYSIS = YES;
				CLANG_WARN_STRICT_PROTOTYPES = YES;
				CLANG_WARN_SUSPICIOUS_MOVE = YES;
				CLANG_WARN_UNGUARDED_AVAILABILITY = YES_AGGRESSIVE;
				CLANG_WARN_UNREACHABLE_CODE = YES;
				CLANG_WARN__DUPLICATE_METHOD_MATCH = YES;
				CODE_SIGN_IDENTITY = "iPhone Developer";
				COPY_PHASE_STRIP = NO;
				DEBUG_INFORMATION_FORMAT = dwarf;
				ENABLE_STRICT_OBJC_MSGSEND = YES;
				ENABLE_TESTABILITY = YES;
				GCC_C_LANGUAGE_STANDARD = gnu11;
				GCC_DYNAMIC_NO_PIC = NO;
				GCC_NO_COMMON_BLOCKS = YES;
				GCC_OPTIMIZATION_LEVEL = 0;
				GCC_PREPROCESSOR_DEFINITIONS = (
					"DEBUG=1",
					"$(inherited)",
				);
				GCC_WARN_64_TO_32_BIT_CONVERSION = YES;
				GCC_WARN_ABOUT_RETURN_TYPE = YES_ERROR;
				GCC_WARN_UNDECLARED_SELECTOR = YES;
				GCC_WARN_UNINITIALIZED_AUTOS = YES_AGGRESSIVE;
				GCC_WARN_UNUSED_FUNCTION = YES;
				GCC_WARN_UNUSED_VARIABLE = YES;
				IPHONEOS_DEPLOYMENT_TARGET = 11.3;
				MTL_ENABLE_DEBUG_INFO = YES;
				ONLY_ACTIVE_ARCH = YES;
				SDKROOT = iphoneos;
				SWIFT_ACTIVE_COMPILATION_CONDITIONS = DEBUG;
				SWIFT_OPTIMIZATION_LEVEL = "-Onone";
			};
			name = Debug;
		};
		FBBBFE3820A9A68A00CBCB8E /* Release */ = {
			isa = XCBuildConfiguration;
			buildSettings = {
				ALWAYS_SEARCH_USER_PATHS = NO;
				CLANG_ANALYZER_NONNULL = YES;
				CLANG_ANALYZER_NUMBER_OBJECT_CONVERSION = YES_AGGRESSIVE;
				CLANG_CXX_LANGUAGE_STANDARD = "gnu++14";
				CLANG_CXX_LIBRARY = "libc++";
				CLANG_ENABLE_MODULES = YES;
				CLANG_ENABLE_OBJC_ARC = YES;
				CLANG_ENABLE_OBJC_WEAK = YES;
				CLANG_WARN_BLOCK_CAPTURE_AUTORELEASING = YES;
				CLANG_WARN_BOOL_CONVERSION = YES;
				CLANG_WARN_COMMA = YES;
				CLANG_WARN_CONSTANT_CONVERSION = YES;
				CLANG_WARN_DEPRECATED_OBJC_IMPLEMENTATIONS = YES;
				CLANG_WARN_DIRECT_OBJC_ISA_USAGE = YES_ERROR;
				CLANG_WARN_DOCUMENTATION_COMMENTS = YES;
				CLANG_WARN_EMPTY_BODY = YES;
				CLANG_WARN_ENUM_CONVERSION = YES;
				CLANG_WARN_INFINITE_RECURSION = YES;
				CLANG_WARN_INT_CONVERSION = YES;
				CLANG_WARN_NON_LITERAL_NULL_CONVERSION = YES;
				CLANG_WARN_OBJC_IMPLICIT_RETAIN_SELF = YES;
				CLANG_WARN_OBJC_LITERAL_CONVERSION = YES;
				CLANG_WARN_OBJC_ROOT_CLASS = YES_ERROR;
				CLANG_WARN_RANGE_LOOP_ANALYSIS = YES;
				CLANG_WARN_STRICT_PROTOTYPES = YES;
				CLANG_WARN_SUSPICIOUS_MOVE = YES;
				CLANG_WARN_UNGUARDED_AVAILABILITY = YES_AGGRESSIVE;
				CLANG_WARN_UNREACHABLE_CODE = YES;
				CLANG_WARN__DUPLICATE_METHOD_MATCH = YES;
				CODE_SIGN_IDENTITY = "iPhone Developer";
				COPY_PHASE_STRIP = NO;
				DEBUG_INFORMATION_FORMAT = "dwarf-with-dsym";
				ENABLE_NS_ASSERTIONS = NO;
				ENABLE_STRICT_OBJC_MSGSEND = YES;
				GCC_C_LANGUAGE_STANDARD = gnu11;
				GCC_NO_COMMON_BLOCKS = YES;
				GCC_WARN_64_TO_32_BIT_CONVERSION = YES;
				GCC_WARN_ABOUT_RETURN_TYPE = YES_ERROR;
				GCC_WARN_UNDECLARED_SELECTOR = YES;
				GCC_WARN_UNINITIALIZED_AUTOS = YES_AGGRESSIVE;
				GCC_WARN_UNUSED_FUNCTION = YES;
				GCC_WARN_UNUSED_VARIABLE = YES;
				IPHONEOS_DEPLOYMENT_TARGET = 11.3;
				MTL_ENABLE_DEBUG_INFO = NO;
				SDKROOT = iphoneos;
				SWIFT_COMPILATION_MODE = wholemodule;
				SWIFT_OPTIMIZATION_LEVEL = "-O";
				VALIDATE_PRODUCT = YES;
			};
			name = Release;
		};
		FBBBFE3A20A9A68A00CBCB8E /* Debug */ = {
			isa = XCBuildConfiguration;
			buildSettings = {
				ASSETCATALOG_COMPILER_APPICON_NAME = AppIcon;
				CODE_SIGN_STYLE = Automatic;
				DEVELOPMENT_TEAM = LQY7L3XZHF;
				INFOPLIST_FILE = AdaptiveUIDemo/Info.plist;
				LD_RUNPATH_SEARCH_PATHS = (
					"$(inherited)",
					"@executable_path/Frameworks",
				);
				PRODUCT_BUNDLE_IDENTIFIER = personal.AdaptiveUIDemo;
				PRODUCT_NAME = "$(TARGET_NAME)";
				SWIFT_VERSION = 4.0;
				TARGETED_DEVICE_FAMILY = "1,2";
			};
			name = Debug;
		};
		FBBBFE3B20A9A68A00CBCB8E /* Release */ = {
			isa = XCBuildConfiguration;
			buildSettings = {
				ASSETCATALOG_COMPILER_APPICON_NAME = AppIcon;
				CODE_SIGN_STYLE = Automatic;
				DEVELOPMENT_TEAM = LQY7L3XZHF;
				INFOPLIST_FILE = AdaptiveUIDemo/Info.plist;
				LD_RUNPATH_SEARCH_PATHS = (
					"$(inherited)",
					"@executable_path/Frameworks",
				);
				PRODUCT_BUNDLE_IDENTIFIER = personal.AdaptiveUIDemo;
				PRODUCT_NAME = "$(TARGET_NAME)";
				SWIFT_VERSION = 4.0;
				TARGETED_DEVICE_FAMILY = "1,2";
			};
			name = Release;
		};
/* End XCBuildConfiguration section */

/* Begin XCConfigurationList section */
		FBBBFE2220A9A68800CBCB8E /* Build configuration list for PBXProject "AdaptiveUIDemo" */ = {
			isa = XCConfigurationList;
			buildConfigurations = (
				FBBBFE3720A9A68A00CBCB8E /* Debug */,
				FBBBFE3820A9A68A00CBCB8E /* Release */,
			);
			defaultConfigurationIsVisible = 0;
			defaultConfigurationName = Release;
		};
		FBBBFE3920A9A68A00CBCB8E /* Build configuration list for PBXNativeTarget "AdaptiveUIDemo" */ = {
			isa = XCConfigurationList;
			buildConfigurations = (
				FBBBFE3A20A9A68A00CBCB8E /* Debug */,
				FBBBFE3B20A9A68A00CBCB8E /* Release */,
			);
			defaultConfigurationIsVisible = 0;
			defaultConfigurationName = Release;
		};
/* End XCConfigurationList section */
	};
	rootObject = FBBBFE1F20A9A68800CBCB8E /* Project object */;
}
